
Microsoft Visual Studio Solution File, Format Version 12.00
# Visual Studio 15
VisualStudioVersion = 15.0.28307.421
MinimumVisualStudioVersion = 10.0.40219.1
Project("{FAE04EC0-301F-11D3-BF4B-00C04F79EFBC}") = "Cube.XRM.Framework", "Cube.XRM.Framework\Cube.XRM.Framework.csproj", "{C91CC283-FFC6-4C67-A3C2-1925BCFF8CC8}"
EndProject
Project("{FAE04EC0-301F-11D3-BF4B-00C04F79EFBC}") = "Cube.XRM.Framework.Core", "Cube.XRM.Framework.Core\Cube.XRM.Framework.Core.csproj", "{0253CECA-472F-4CE9-8712-11C0D31312BE}"
EndProject
Project("{FAE04EC0-301F-11D3-BF4B-00C04F79EFBC}") = "Cube.XRM.Framework.AddOn", "Cube.XRM.Framework.AddOn\Cube.XRM.Framework.AddOn.csproj", "{7EBFF69F-CBB1-4FF8-B6BD-809B5B8026F9}"
EndProject
Project("{FAE04EC0-301F-11D3-BF4B-00C04F79EFBC}") = "Cube.XRM.Framework.IntegrationTester", "Cube.XRM.Framework.IntegrationTester\Cube.XRM.Framework.IntegrationTester.csproj", "{FFF6AD35-3593-4337-9041-7332E4AA67FB}"
EndProject
Global
	GlobalSection(SolutionConfigurationPlatforms) = preSolution
		Debug|Any CPU = Debug|Any CPU
		Release|Any CPU = Release|Any CPU
	EndGlobalSection
	GlobalSection(ProjectConfigurationPlatforms) = postSolution
		{C91CC283-FFC6-4C67-A3C2-1925BCFF8CC8}.Debug|Any CPU.ActiveCfg = Debug|Any CPU
		{C91CC283-FFC6-4C67-A3C2-1925BCFF8CC8}.Debug|Any CPU.Build.0 = Debug|Any CPU
		{C91CC283-FFC6-4C67-A3C2-1925BCFF8CC8}.Release|Any CPU.ActiveCfg = Release|Any CPU
		{C91CC283-FFC6-4C67-A3C2-1925BCFF8CC8}.Release|Any CPU.Build.0 = Release|Any CPU
		{0253CECA-472F-4CE9-8712-11C0D31312BE}.Debug|Any CPU.ActiveCfg = Debug|Any CPU
		{0253CECA-472F-4CE9-8712-11C0D31312BE}.Debug|Any CPU.Build.0 = Debug|Any CPU
		{0253CECA-472F-4CE9-8712-11C0D31312BE}.Release|Any CPU.ActiveCfg = Release|Any CPU
		{0253CECA-472F-4CE9-8712-11C0D31312BE}.Release|Any CPU.Build.0 = Release|Any CPU
		{7EBFF69F-CBB1-4FF8-B6BD-809B5B8026F9}.Debug|Any CPU.ActiveCfg = Debug|Any CPU
		{7EBFF69F-CBB1-4FF8-B6BD-809B5B8026F9}.Debug|Any CPU.Build.0 = Debug|Any CPU
		{7EBFF69F-CBB1-4FF8-B6BD-809B5B8026F9}.Release|Any CPU.ActiveCfg = Release|Any CPU
		{7EBFF69F-CBB1-4FF8-B6BD-809B5B8026F9}.Release|Any CPU.Build.0 = Release|Any CPU
		{FFF6AD35-3593-4337-9041-7332E4AA67FB}.Debug|Any CPU.ActiveCfg = Debug|Any CPU
		{FFF6AD35-3593-4337-9041-7332E4AA67FB}.Debug|Any CPU.Build.0 = Debug|Any CPU
		{FFF6AD35-3593-4337-9041-7332E4AA67FB}.Release|Any CPU.ActiveCfg = Release|Any CPU
		{FFF6AD35-3593-4337-9041-7332E4AA67FB}.Release|Any CPU.Build.0 = Release|Any CPU
	EndGlobalSection
	GlobalSection(SolutionProperties) = preSolution
		HideSolutionNode = FALSE
	EndGlobalSection
	GlobalSection(ExtensibilityGlobals) = postSolution
		SolutionGuid = {340F499F-3E28-49EF-BC7D-8FCFA7734C4A}
	EndGlobalSection
	GlobalSection(TeamFoundationVersionControl) = preSolution
		SccNumberOfProjects = 5
		SccEnterpriseProvider = {4CA58AB2-18FA-4F8D-95D4-32DDF27D184C}
		SccTeamFoundationServer = https://mawens.visualstudio.com/
		SccProjectUniqueName0 = Cube.XRM.Framework.IntegrationTester\\Cube.XRM.Framework.IntegrationTester.csproj
		SccProjectName0 = Cube.XRM.Framework.IntegrationTester
		SccLocalPath0 = Cube.XRM.Framework.IntegrationTester
		SccLocalPath1 = .
		SccProjectUniqueName2 = Cube.XRM.Framework.AddOn\\Cube.XRM.Framework.AddOn.csproj
		SccProjectName2 = Cube.XRM.Framework.AddOn
		SccLocalPath2 = Cube.XRM.Framework.AddOn
		SccProjectUniqueName3 = Cube.XRM.Framework.Core\\Cube.XRM.Framework.Core.csproj
		SccProjectName3 = Cube.XRM.Framework.Core
		SccLocalPath3 = Cube.XRM.Framework.Core
		SccProjectUniqueName4 = Cube.XRM.Framework\\Cube.XRM.Framework.csproj
		SccProjectName4 = Cube.XRM.Framework
		SccLocalPath4 = Cube.XRM.Framework
	EndGlobalSection
EndGlobal
